{
  "lockfile_version": "1",
  "packages": {
    "git@latest": {
      "last_modified": "2024-01-14T03:55:27Z",
      "resolved": "github:NixOS/nixpkgs/dd5621df6dcb90122b50da5ec31c411a0de3e538#git",
      "source": "devbox-search",
      "version": "2.43.0",
      "systems": {
        "aarch64-darwin": {
          "store_path": "/nix/store/kf597rw8mjdzvzjpzjvflp88dxj19qhm-git-2.43.0"
        },
        "aarch64-linux": {
          "store_path": "/nix/store/dh45pp85n0mpsr8sh277yp2a1sd3dvzk-git-2.43.0"
        },
        "x86_64-darwin": {
          "store_path": "/nix/store/3gkm7jyy92a7yr87nhfqh45sy2syrb46-git-2.43.0"
        },
        "x86_64-linux": {
          "store_path": "/nix/store/xw3hyxc3i4zg195yk8l6zxjvhq6vx44d-git-2.43.0"
        }
      }
    },
    "hugo@latest": {
      "last_modified": "2024-01-14T03:55:27Z",
      "resolved": "github:NixOS/nixpkgs/dd5621df6dcb90122b50da5ec31c411a0de3e538#hugo",
      "source": "devbox-search",
      "version": "0.121.2",
      "systems": {
        "aarch64-darwin": {
          "store_path": "/nix/store/8r9b77sblgv1zjgda72m526f8mf7nvi4-hugo-0.121.2"
        },
        "aarch64-linux": {
          "store_path": "/nix/store/8xkyldx77b1lwzkm1qwv6vyxmvz38hlz-hugo-0.121.2"
        },
        "x86_64-darwin": {
          "store_path": "/nix/store/s5x00zysb96ns1vihhkhqpfcvjkgcsk8-hugo-0.121.2"
        },
        "x86_64-linux": {
          "store_path": "/nix/store/jv66qziwq1x8bfsqpvrqxwin199w9bgg-hugo-0.121.2"
        }
      }
    },
    "less@latest": {
      "last_modified": "2024-01-14T03:55:27Z",
      "resolved": "github:NixOS/nixpkgs/dd5621df6dcb90122b50da5ec31c411a0de3e538#less",
      "source": "devbox-search",
      "version": "643",
      "systems": {
        "aarch64-darwin": {
          "store_path": "/nix/store/f8nrivx94md6w97mbrnlkkwiaf75q3ky-less-643"
        },
        "aarch64-linux": {
          "store_path": "/nix/store/7xkhy2hjvpp7ckah6dq3cd649jli7blv-less-643"
        },
        "x86_64-darwin": {
          "store_path": "/nix/store/z4aldx3d23n7ff0vz333vdspr1ggb71r-less-643"
        },
        "x86_64-linux": {
          "store_path": "/nix/store/1cdmjcwnrj72jm6lzk0fdh6xilhr74yd-less-643"
        }
      }
    },
    "openssh@latest": {
      "last_modified": "2024-01-14T03:55:27Z",
      "resolved": "github:NixOS/nixpkgs/dd5621df6dcb90122b50da5ec31c411a0de3e538#openssh",
      "source": "devbox-search",
      "version": "9.6p1",
      "systems": {
        "aarch64-darwin": {
          "store_path": "/nix/store/v1ss277zq44y0afrcw1975hnkfxizmjz-openssh-9.6p1"
        },
        "aarch64-linux": {
          "store_path": "/nix/store/rhl00dhqs8krca8z07r9kymplxyrrslh-openssh-9.6p1"
        },
        "x86_64-darwin": {
          "store_path": "/nix/store/8bs1asr47ygljidb3imw1h6anaic3bpk-openssh-9.6p1"
        },
        "x86_64-linux": {
          "store_path": "/nix/store/l9ypx9ry9x3pkk8xfvr2r9lxpla6a00d-openssh-9.6p1"
        }
      }
    },
    "vim@latest": {
      "last_modified": "2024-01-14T03:55:27Z",
      "resolved": "github:NixOS/nixpkgs/dd5621df6dcb90122b50da5ec31c411a0de3e538#vim",
      "source": "devbox-search",
      "version": "9.0.2116",
      "systems": {
        "aarch64-darwin": {
          "store_path": "/nix/store/ws1v2dynv9cbzsrzaml8bl3lp19mm6zh-vim-9.0.2116"
        },
        "aarch64-linux": {
          "store_path": "/nix/store/c0qngdwxghmzsmkzah9yi5c9b5m35vpz-vim-9.0.2116"
        },
        "x86_64-darwin": {
          "store_path": "/nix/store/1gyyfgq2x4fpdrfmd7c74dvpbsgvmhsn-vim-9.0.2116"
        },
        "x86_64-linux": {
          "store_path": "/nix/store/r5sj1a2kwwrq9kki21xbsngivqn8rdzb-vim-9.0.2116"
        }
      }
    }
  }
}
